<?xml version="1.0" encoding="utf-8"?>
<Project ToolsVersion="4.0" xmlns="http://schemas.microsoft.com/developer/msbuild/2003">
  <ItemGroup>
    <Filter Include="core">
      <UniqueIdentifier>{548945bd-3cd8-4442-b73c-b26ba91e37e1}</UniqueIdentifier>
    </Filter>
    <Filter Include="engine">
      <UniqueIdentifier>{ad4b7d9a-896f-45a5-857b-8795708cb8a2}</UniqueIdentifier>
    </Filter>
    <Filter Include="math">
      <UniqueIdentifier>{da8004c6-c33a-44c4-a78c-44c29d626aa7}</UniqueIdentifier>
    </Filter>
  </ItemGroup>
  <ItemGroup>
    <ClInclude Include="targetver.h" />
    <ClInclude Include="core\core.h">
      <Filter>core</Filter>
    </ClInclude>
    <ClInclude Include="bigball.h" />
    <ClInclude Include="engine\engine.h">
      <Filter>engine</Filter>
    </ClInclude>
    <ClInclude Include="core\types.h">
      <Filter>core</Filter>
    </ClInclude>
    <ClInclude Include="engine\basemanager.h">
      <Filter>engine</Filter>
    </ClInclude>
    <ClInclude Include="engine\camera.h">
      <Filter>engine</Filter>
    </ClInclude>
    <ClInclude Include="math\constants.h">
      <Filter>math</Filter>
    </ClInclude>
    <ClInclude Include="math\vector.h">
      <Filter>math</Filter>
    </ClInclude>
    <ClInclude Include="math\functions.h">
      <Filter>math</Filter>
    </ClInclude>
    <ClInclude Include="core\templates.h">
      <Filter>core</Filter>
    </ClInclude>
    <ClInclude Include="core\array.h">
      <Filter>core</Filter>
    </ClInclude>
    <ClInclude Include="engine\entity.h">
      <Filter>engine</Filter>
    </ClInclude>
    <ClInclude Include="engine\component.h">
      <Filter>engine</Filter>
    </ClInclude>
    <ClInclude Include="engine\controller.h">
      <Filter>engine</Filter>
    </ClInclude>
    <ClInclude Include="core\log.h">
      <Filter>core</Filter>
    </ClInclude>
  </ItemGroup>
  <ItemGroup>
    <ClCompile Include="bigball.cpp" />
    <ClCompile Include="dllmain.cpp" />
    <ClCompile Include="engine\engine.cpp">
      <Filter>engine</Filter>
    </ClCompile>
    <ClCompile Include="engine\basemanager.cpp">
      <Filter>engine</Filter>
    </ClCompile>
    <ClCompile Include="engine\camera.cpp">
      <Filter>engine</Filter>
    </ClCompile>
    <ClCompile Include="math\vector.cpp">
      <Filter>math</Filter>
    </ClCompile>
    <ClCompile Include="math\constants.cpp">
      <Filter>math</Filter>
    </ClCompile>
    <ClCompile Include="engine\entity.cpp">
      <Filter>engine</Filter>
    </ClCompile>
    <ClCompile Include="engine\component.cpp">
      <Filter>engine</Filter>
    </ClCompile>
    <ClCompile Include="engine\controller.cpp">
      <Filter>engine</Filter>
    </ClCompile>
    <ClCompile Include="core\log.cpp">
      <Filter>core</Filter>
    </ClCompile>
  </ItemGroup>
</Project>