<?xml version="1.0" encoding="utf-8"?>
<Project ToolsVersion="4.0" xmlns="http://schemas.microsoft.com/developer/msbuild/2003">
  <ItemGroup>
    <Filter Include="core">
      <UniqueIdentifier>{548945bd-3cd8-4442-b73c-b26ba91e37e1}</UniqueIdentifier>
    </Filter>
    <Filter Include="engine">
      <UniqueIdentifier>{ad4b7d9a-896f-45a5-857b-8795708cb8a2}</UniqueIdentifier>
    </Filter>
    <Filter Include="math">
      <UniqueIdentifier>{da8004c6-c33a-44c4-a78c-44c29d626aa7}</UniqueIdentifier>
    </Filter>
    <Filter Include="system">
      <UniqueIdentifier>{77726452-b655-42ed-bb0a-85a5446b8b0b}</UniqueIdentifier>
    </Filter>
    <Filter Include="gfx">
      <UniqueIdentifier>{674fbe42-e369-4427-9cb8-efc8a5d3969b}</UniqueIdentifier>
    </Filter>
  </ItemGroup>
  <ItemGroup>
    <ClInclude Include="targetver.h" />
    <ClInclude Include="core\core.h">
      <Filter>core</Filter>
    </ClInclude>
    <ClInclude Include="bigball.h" />
    <ClInclude Include="engine\engine.h">
      <Filter>engine</Filter>
    </ClInclude>
    <ClInclude Include="core\types.h">
      <Filter>core</Filter>
    </ClInclude>
    <ClInclude Include="engine\basemanager.h">
      <Filter>engine</Filter>
    </ClInclude>
    <ClInclude Include="engine\camera.h">
      <Filter>engine</Filter>
    </ClInclude>
    <ClInclude Include="math\constants.h">
      <Filter>math</Filter>
    </ClInclude>
    <ClInclude Include="math\vector.h">
      <Filter>math</Filter>
    </ClInclude>
    <ClInclude Include="math\functions.h">
      <Filter>math</Filter>
    </ClInclude>
    <ClInclude Include="core\templates.h">
      <Filter>core</Filter>
    </ClInclude>
    <ClInclude Include="core\array.h">
      <Filter>core</Filter>
    </ClInclude>
    <ClInclude Include="engine\entity.h">
      <Filter>engine</Filter>
    </ClInclude>
    <ClInclude Include="engine\component.h">
      <Filter>engine</Filter>
    </ClInclude>
    <ClInclude Include="engine\controller.h">
      <Filter>engine</Filter>
    </ClInclude>
    <ClInclude Include="core\log.h">
      <Filter>core</Filter>
    </ClInclude>
    <ClInclude Include="core\string.h">
      <Filter>core</Filter>
    </ClInclude>
    <ClInclude Include="engine\entitymanager.h">
      <Filter>engine</Filter>
    </ClInclude>
    <ClInclude Include="core\name.h">
      <Filter>core</Filter>
    </ClInclude>
    <ClInclude Include="engine\entitypattern.h">
      <Filter>engine</Filter>
    </ClInclude>
    <ClInclude Include="engine\componentmanager.h">
      <Filter>engine</Filter>
    </ClInclude>
    <ClInclude Include="engine\coposition.h">
      <Filter>engine</Filter>
    </ClInclude>
    <ClInclude Include="core\hash.h">
      <Filter>core</Filter>
    </ClInclude>
    <ClInclude Include="core\map.h">
      <Filter>core</Filter>
    </ClInclude>
    <ClInclude Include="core\memory.h">
      <Filter>core</Filter>
    </ClInclude>
    <ClInclude Include="system\file.h">
      <Filter>system</Filter>
    </ClInclude>
    <ClInclude Include="gfx\gfxmanager.h">
      <Filter>gfx</Filter>
    </ClInclude>
    <ClInclude Include="gfx\shader.h">
      <Filter>gfx</Filter>
    </ClInclude>
    <ClInclude Include="math\transform.h">
      <Filter>math</Filter>
    </ClInclude>
    <ClInclude Include="engine\tickcontext.h">
      <Filter>engine</Filter>
    </ClInclude>
    <ClInclude Include="gfx\rendercontext.h">
      <Filter>gfx</Filter>
    </ClInclude>
    <ClInclude Include="math\frustum.h">
      <Filter>math</Filter>
    </ClInclude>
    <ClInclude Include="core\radixsort.h">
      <Filter>core</Filter>
    </ClInclude>
    <ClInclude Include="core\sort.h">
      <Filter>core</Filter>
    </ClInclude>
    <ClInclude Include="core\json.h">
      <Filter>core</Filter>
    </ClInclude>
    <ClInclude Include="math\intersections.h">
      <Filter>math</Filter>
    </ClInclude>
    <ClInclude Include="system\thread.h">
      <Filter>system</Filter>
    </ClInclude>
    <ClInclude Include="system\threadingutils.h">
      <Filter>system</Filter>
    </ClInclude>
    <ClInclude Include="system\workerthreadmanager.h">
      <Filter>system</Filter>
    </ClInclude>
    <ClInclude Include="system\task.h">
      <Filter>system</Filter>
    </ClInclude>
    <ClInclude Include="system\lockfreequeue.h">
      <Filter>system</Filter>
    </ClInclude>
    <ClInclude Include="core\map_rh.h">
      <Filter>core</Filter>
    </ClInclude>
    <ClInclude Include="system\profiler.h">
      <Filter>system</Filter>
    </ClInclude>
  </ItemGroup>
  <ItemGroup>
    <ClCompile Include="dllmain.cpp" />
    <ClCompile Include="engine\engine.cpp">
      <Filter>engine</Filter>
    </ClCompile>
    <ClCompile Include="engine\basemanager.cpp">
      <Filter>engine</Filter>
    </ClCompile>
    <ClCompile Include="engine\camera.cpp">
      <Filter>engine</Filter>
    </ClCompile>
    <ClCompile Include="math\vector.cpp">
      <Filter>math</Filter>
    </ClCompile>
    <ClCompile Include="math\constants.cpp">
      <Filter>math</Filter>
    </ClCompile>
    <ClCompile Include="engine\entity.cpp">
      <Filter>engine</Filter>
    </ClCompile>
    <ClCompile Include="engine\component.cpp">
      <Filter>engine</Filter>
    </ClCompile>
    <ClCompile Include="engine\controller.cpp">
      <Filter>engine</Filter>
    </ClCompile>
    <ClCompile Include="core\log.cpp">
      <Filter>core</Filter>
    </ClCompile>
    <ClCompile Include="core\string.cpp">
      <Filter>core</Filter>
    </ClCompile>
    <ClCompile Include="engine\entitymanager.cpp">
      <Filter>engine</Filter>
    </ClCompile>
    <ClCompile Include="core\name.cpp">
      <Filter>core</Filter>
    </ClCompile>
    <ClCompile Include="engine\entitypattern.cpp">
      <Filter>engine</Filter>
    </ClCompile>
    <ClCompile Include="engine\componentmanager.cpp">
      <Filter>engine</Filter>
    </ClCompile>
    <ClCompile Include="engine\coposition.cpp">
      <Filter>engine</Filter>
    </ClCompile>
    <ClCompile Include="core\hash.cpp">
      <Filter>core</Filter>
    </ClCompile>
    <ClCompile Include="math\functions.cpp">
      <Filter>math</Filter>
    </ClCompile>
    <ClCompile Include="core\memory.cpp">
      <Filter>core</Filter>
    </ClCompile>
    <ClCompile Include="system\file.cpp">
      <Filter>system</Filter>
    </ClCompile>
    <ClCompile Include="gfx\gfxmanager.cpp">
      <Filter>gfx</Filter>
    </ClCompile>
    <ClCompile Include="gfx\shader.cpp">
      <Filter>gfx</Filter>
    </ClCompile>
    <ClCompile Include="math\transform.cpp">
      <Filter>math</Filter>
    </ClCompile>
    <ClCompile Include="engine\tickcontext.cpp">
      <Filter>engine</Filter>
    </ClCompile>
    <ClCompile Include="gfx\rendercontext.cpp">
      <Filter>gfx</Filter>
    </ClCompile>
    <ClCompile Include="math\frustum.cpp">
      <Filter>math</Filter>
    </ClCompile>
    <ClCompile Include="core\radixsort.cpp">
      <Filter>core</Filter>
    </ClCompile>
    <ClCompile Include="core\json.cpp">
      <Filter>core</Filter>
    </ClCompile>
    <ClCompile Include="math\intersections.cpp">
      <Filter>math</Filter>
    </ClCompile>
    <ClCompile Include="system\thread.cpp">
      <Filter>system</Filter>
    </ClCompile>
    <ClCompile Include="system\threadingutils.cpp">
      <Filter>system</Filter>
    </ClCompile>
    <ClCompile Include="system\workerthreadmanager.cpp">
      <Filter>system</Filter>
    </ClCompile>
    <ClCompile Include="system\task.cpp">
      <Filter>system</Filter>
    </ClCompile>
    <ClCompile Include="system\lockfreequeue.cpp">
      <Filter>system</Filter>
    </ClCompile>
    <ClCompile Include="system\profiler.cpp">
      <Filter>system</Filter>
    </ClCompile>
  </ItemGroup>
</Project>